
Microsoft Visual Studio Solution File, Format Version 12.00
# Visual Studio Version 17
VisualStudioVersion = 17.6.33815.320
MinimumVisualStudioVersion = 10.0.40219.1
Project("{FAE04EC0-301F-11D3-BF4B-00C04F79EFBC}") = "Phase3_PracticeProject_3", "Phase3_PracticeProject_3\Phase3_PracticeProject_3.csproj", "{4C9BA497-61C3-4ED4-88A4-DFCE78C8FA55}"
EndProject
Global
	GlobalSection(SolutionConfigurationPlatforms) = preSolution
		Debug|Any CPU = Debug|Any CPU
		Release|Any CPU = Release|Any CPU
	EndGlobalSection
	GlobalSection(ProjectConfigurationPlatforms) = postSolution
		{4C9BA497-61C3-4ED4-88A4-DFCE78C8FA55}.Debug|Any CPU.ActiveCfg = Debug|Any CPU
		{4C9BA497-61C3-4ED4-88A4-DFCE78C8FA55}.Debug|Any CPU.Build.0 = Debug|Any CPU
		{4C9BA497-61C3-4ED4-88A4-DFCE78C8FA55}.Release|Any CPU.ActiveCfg = Release|Any CPU
		{4C9BA497-61C3-4ED4-88A4-DFCE78C8FA55}.Release|Any CPU.Build.0 = Release|Any CPU
	EndGlobalSection
	GlobalSection(SolutionProperties) = preSolution
		HideSolutionNode = FALSE
	EndGlobalSection
	GlobalSection(ExtensibilityGlobals) = postSolution
		SolutionGuid = {27A820C0-094E-4F60-B021-D5AA687D24A0}
	EndGlobalSection
EndGlobal
